
Microsoft Visual Studio Solution File, Format Version 12.00
# Visual Studio Version 17
VisualStudioVersion = 17.0.31903.59
MinimumVisualStudioVersion = 10.0.40219.1
Project("{2150E333-8FDC-42A3-9474-1A3956D46DE8}") = "VisualEditorServer", "VisualEditorServer", "{0F60F14A-7E51-4333-9DD0-A1B4DC248A42}"
EndProject
Project("{2150E333-8FDC-42A3-9474-1A3956D46DE8}") = "Common", "Common", "{B0BC476B-C001-4224-BD39-11814658DC56}"
EndProject
Project("{2150E333-8FDC-42A3-9474-1A3956D46DE8}") = "VisualPlayer", "VisualPlayer", "{79ECED28-326C-42A2-A5B8-8DA8A3A4F386}"
EndProject
Project("{2150E333-8FDC-42A3-9474-1A3956D46DE8}") = "Service", "Service", "{6D31A686-EDF4-4D01-B06A-21CC6607F3A2}"
EndProject
Project("{2150E333-8FDC-42A3-9474-1A3956D46DE8}") = "Common", "Common", "{AC5FC280-6964-4CC5-8AE6-A0557E4260B5}"
EndProject
Project("{9A19103F-16F7-4668-BE54-9A1E7A4F7556}") = "Hjmos.Lcdp.VisualEditorServer.ICommon", "VisualEditorServer\Hjmos.Lcdp.VisualEditorServer.ICommon\Hjmos.Lcdp.VisualEditorServer.ICommon.csproj", "{E71CB2E4-49FF-42D2-9154-B58CF7F45CD0}"
EndProject
Project("{9A19103F-16F7-4668-BE54-9A1E7A4F7556}") = "Hjmos.Lcdp.VisualEditorServer.Common", "VisualEditorServer\Hjmos.Lcdp.VisualEditorServer.Common\Hjmos.Lcdp.VisualEditorServer.Common.csproj", "{F546C09C-C5E0-4035-88D8-BDBBF27F2E30}"
EndProject
Project("{9A19103F-16F7-4668-BE54-9A1E7A4F7556}") = "Hjmos.Lcdp.VisualEditorServer.IService", "VisualEditorServer\Hjmos.Lcdp.VisualEditorServer.IService\Hjmos.Lcdp.VisualEditorServer.IService.csproj", "{EFDE32C6-733E-4C44-9595-B9EEC84B5DD8}"
EndProject
Project("{9A19103F-16F7-4668-BE54-9A1E7A4F7556}") = "Hjmos.Lcdp.VisualEditorServer.Service", "VisualEditorServer\Hjmos.Lcdp.VisualEditorServer.Service\Hjmos.Lcdp.VisualEditorServer.Service.csproj", "{3C3691C4-E5BA-4415-B5D5-1A4F9492D3AF}"
EndProject
Project("{9A19103F-16F7-4668-BE54-9A1E7A4F7556}") = "Hjmos.Lcdp.VisualEditorServer.EFCore", "VisualEditorServer\Hjmos.Lcdp.VisualEditorServer.EFCore\Hjmos.Lcdp.VisualEditorServer.EFCore.csproj", "{4D90994F-DA29-482D-AD85-AC148CA07083}"
EndProject
Project("{FAE04EC0-301F-11D3-BF4B-00C04F79EFBC}") = "Hjmos.Lcdp.VisualPlayer", "VisualPlayer\Hjmos.Lcdp.VisualPlayer\Hjmos.Lcdp.VisualPlayer.csproj", "{7BBFF414-A02F-4C7B-A712-C444EB588D0A}"
EndProject
Project("{FAE04EC0-301F-11D3-BF4B-00C04F79EFBC}") = "Hjmos.Lcdp.Converters", "Common\Hjmos.Lcdp.Converters\Hjmos.Lcdp.Converters.csproj", "{25E5E527-FD7E-4D7A-AAB9-BACD7E666E07}"
EndProject
Project("{2150E333-8FDC-42A3-9474-1A3956D46DE8}") = "VisualEditor", "VisualEditor", "{3F218602-8A37-4E31-97B7-AB440BEA6368}"
EndProject
Project("{2150E333-8FDC-42A3-9474-1A3956D46DE8}") = "Service", "Service", "{55D87E7F-ECFD-4832-B655-00693FB4BF14}"
EndProject
Project("{FAE04EC0-301F-11D3-BF4B-00C04F79EFBC}") = "Hjmos.Lcdp.VisualEditor.IService", "VisualEditor\Hjmos.Lcdp.VisualEditor.IService\Hjmos.Lcdp.VisualEditor.IService.csproj", "{F6B148BE-0E1F-488C-9335-21EB4824D322}"
EndProject
Project("{FAE04EC0-301F-11D3-BF4B-00C04F79EFBC}") = "Hjmos.Lcdp.VisualEditor.Service", "VisualEditor\Hjmos.Lcdp.VisualEditor.Service\Hjmos.Lcdp.VisualEditor.Service.csproj", "{6B4F1C78-F541-4265-8EAC-365978497655}"
EndProject
Project("{FAE04EC0-301F-11D3-BF4B-00C04F79EFBC}") = "Hjmos.Lcdp.VisualEditor.Assets", "VisualEditor\Hjmos.Lcdp.VisualEditor.Assets\Hjmos.Lcdp.VisualEditor.Assets.csproj", "{AE85C16F-2786-4948-820A-57CCB793169A}"
EndProject
Project("{FAE04EC0-301F-11D3-BF4B-00C04F79EFBC}") = "Hjmos.Lcdp.VisualEditor.Models", "VisualEditor\Hjmos.Lcdp.VisualEditor.Models\Hjmos.Lcdp.VisualEditor.Models.csproj", "{DD6B19E1-092F-4C66-B0F9-BDE34E10C506}"
EndProject
Project("{9A19103F-16F7-4668-BE54-9A1E7A4F7556}") = "Hjmos.Lcdp.VisualEditorServer.Entities", "VisualEditorServer\Hjmos.Lcdp.VisualEditorServer.Entities\Hjmos.Lcdp.VisualEditorServer.Entities.csproj", "{8FAD9501-3080-41EA-8C1F-D841780666B1}"
EndProject
Project("{2150E333-8FDC-42A3-9474-1A3956D46DE8}") = "Managers", "Managers", "{37CC474F-C968-447C-BD31-AF29C62A076A}"
EndProject
Project("{FAE04EC0-301F-11D3-BF4B-00C04F79EFBC}") = "Hjmos.Lcdp.VisualEditor.Core", "VisualEditor\Hjmos.Lcdp.VisualEditor.Core\Hjmos.Lcdp.VisualEditor.Core.csproj", "{7C932091-ED1F-42D3-AAB1-5249D8963339}"
EndProject
Project("{2150E333-8FDC-42A3-9474-1A3956D46DE8}") = "MessageCenter", "MessageCenter", "{F6B587C1-B1EE-4F66-A926-DD007AF7B332}"
EndProject
Project("{FAE04EC0-301F-11D3-BF4B-00C04F79EFBC}") = "Hjmos.Lcdp.MessageCenter", "MessageCenter\Hjmos.Lcdp.MessageCenter\Hjmos.Lcdp.MessageCenter.csproj", "{8101CEB6-A348-450F-90B2-824DD4D78AD1}"
EndProject
Project("{9A19103F-16F7-4668-BE54-9A1E7A4F7556}") = "Hjmos.Lcdp.VisualEditorServer.WebAPI", "VisualEditorServer\Hjmos.Lcdp.VisualEditorServer.WebAPI\Hjmos.Lcdp.VisualEditorServer.WebAPI.csproj", "{6003F9CD-CF3C-4DB6-8A5F-E6B66E3F9831}"
EndProject
Project("{FAE04EC0-301F-11D3-BF4B-00C04F79EFBC}") = "Hjmos.Lcdp.SocketServer", "MessageCenter\Hjmos.Lcdp.SocketServer\Hjmos.Lcdp.SocketServer.csproj", "{E95D9434-4D01-41D6-9F78-EA5F787DE4A2}"
EndProject
Project("{FAE04EC0-301F-11D3-BF4B-00C04F79EFBC}") = "Hjmos.Lcdp.ILoger", "Managers\Hjmos.Lcdp.ILoger\Hjmos.Lcdp.ILoger.csproj", "{E8677E08-55D8-4308-A645-5A968DFE2065}"
EndProject
Project("{FAE04EC0-301F-11D3-BF4B-00C04F79EFBC}") = "Hjmos.Lcdp.Loger", "Managers\Hjmos.Lcdp.Loger\Hjmos.Lcdp.Loger.csproj", "{F86DAB80-FCE8-4C6E-AC95-587920345E5C}"
EndProject
Project("{2150E333-8FDC-42A3-9474-1A3956D46DE8}") = "Plugins", "Plugins", "{31E2CC22-3538-4C8E-9BDE-29A22E1C0304}"
EndProject
Project("{FAE04EC0-301F-11D3-BF4B-00C04F79EFBC}") = "Hjmos.Lcdp.Plugins.NccControl", "Plugins\Hjmos.Lcdp.Plugins.NccControl\Hjmos.Lcdp.Plugins.NccControl.csproj", "{7CA18539-2975-4741-82E8-7C372D25101D}"
EndProject
Project("{FAE04EC0-301F-11D3-BF4B-00C04F79EFBC}") = "Hjmos.Lcdp.Plugins.DemoControl", "Plugins\Hjmos.Lcdp.Plugins.DemoControl\Hjmos.Lcdp.Plugins.DemoControl.csproj", "{C02E3C90-FCA1-453C-BA11-171473F1BBE7}"
EndProject
Project("{9A19103F-16F7-4668-BE54-9A1E7A4F7556}") = "Hjmos.Lcdp.VisualEditorServer.EntityConfig", "VisualEditorServer\Hjmos.Lcdp.VisualEditorServer.EntityConfig\Hjmos.Lcdp.VisualEditorServer.EntityConfig.csproj", "{C7640A47-D43E-4A97-B061-7428DDEBA686}"
EndProject
Project("{FAE04EC0-301F-11D3-BF4B-00C04F79EFBC}") = "Hjmos.Lcdp.VisualEditor.MainModule", "VisualEditor\Hjmos.Lcdp.VisualEditor.MainModule\Hjmos.Lcdp.VisualEditor.MainModule.csproj", "{6C7313AD-8948-48FD-8B9F-D69F41C9313E}"
EndProject
Project("{2150E333-8FDC-42A3-9474-1A3956D46DE8}") = "Modules", "Modules", "{0FBA2EE9-58A6-4BEC-9035-FF67B48394AC}"
EndProject
Project("{FAE04EC0-301F-11D3-BF4B-00C04F79EFBC}") = "Hjmos.Lcdp", "Common\Hjmos.Lcdp\Hjmos.Lcdp.csproj", "{491A73CF-71AE-4542-99BD-D763FE61B761}"
EndProject
Project("{FAE04EC0-301F-11D3-BF4B-00C04F79EFBC}") = "Hjmos.Lcdp.VisualEditor", "VisualEditor\Hjmos.Lcdp.VisualEditor\Hjmos.Lcdp.VisualEditor.csproj", "{0C8040DB-B76A-479B-AF7D-DE11B6EB449A}"
EndProject
Project("{2150E333-8FDC-42A3-9474-1A3956D46DE8}") = "NccControls", "NccControls", "{C5D163F5-5ECF-4138-B074-75D2E96830A4}"
EndProject
Project("{FAE04EC0-301F-11D3-BF4B-00C04F79EFBC}") = "Hjmos.Lcdp.Plugins.NccControls", "Plugins\NccControls\Hjmos.Lcdp.Plugins.NccControls\Hjmos.Lcdp.Plugins.NccControls.csproj", "{4222E7A6-E935-42E8-981B-62F847548707}"
EndProject
Project("{FAE04EC0-301F-11D3-BF4B-00C04F79EFBC}") = "Hjmos.Browser", "Plugins\NccControls\Hjmos.Browser\Hjmos.Browser.csproj", "{D5CADFD3-11D9-405A-9DB1-DEC15307159A}"
EndProject
Project("{FAE04EC0-301F-11D3-BF4B-00C04F79EFBC}") = "Hjmos.Lcdp.EditorManagement.MainModule", "VisualEditor\Hjmos.Lcdp.EditorManagement.MainModule\Hjmos.Lcdp.EditorManagement.MainModule.csproj", "{94835E6D-939A-409A-AC60-8974582792FA}"
EndProject
Project("{FAE04EC0-301F-11D3-BF4B-00C04F79EFBC}") = "Hjmos.Lcdp.EditorManagement.PageModule", "VisualEditor\Hjmos.Lcdp.EditorManagement.PageModule\Hjmos.Lcdp.EditorManagement.PageModule.csproj", "{94DFCE10-CF71-4A23-8CBC-B06B8A8486F0}"
EndProject
Project("{FAE04EC0-301F-11D3-BF4B-00C04F79EFBC}") = "Hjmos.Lcdp.Plugins.CS6", "Plugins\Hjmos.Lcdp.Plugins.CS6\Hjmos.Lcdp.Plugins.CS6.csproj", "{F13ED096-5088-4E81-981B-B39723132BC1}"
EndProject
Global
	GlobalSection(SolutionConfigurationPlatforms) = preSolution
		Debug|Any CPU = Debug|Any CPU
		Debug|x64 = Debug|x64
		Release|Any CPU = Release|Any CPU
		Release|x64 = Release|x64
	EndGlobalSection
	GlobalSection(ProjectConfigurationPlatforms) = postSolution
		{E71CB2E4-49FF-42D2-9154-B58CF7F45CD0}.Debug|Any CPU.ActiveCfg = Debug|Any CPU
		{E71CB2E4-49FF-42D2-9154-B58CF7F45CD0}.Debug|Any CPU.Build.0 = Debug|Any CPU
		{E71CB2E4-49FF-42D2-9154-B58CF7F45CD0}.Debug|x64.ActiveCfg = Debug|Any CPU
		{E71CB2E4-49FF-42D2-9154-B58CF7F45CD0}.Debug|x64.Build.0 = Debug|Any CPU
		{E71CB2E4-49FF-42D2-9154-B58CF7F45CD0}.Release|Any CPU.ActiveCfg = Release|Any CPU
		{E71CB2E4-49FF-42D2-9154-B58CF7F45CD0}.Release|Any CPU.Build.0 = Release|Any CPU
		{E71CB2E4-49FF-42D2-9154-B58CF7F45CD0}.Release|x64.ActiveCfg = Release|Any CPU
		{E71CB2E4-49FF-42D2-9154-B58CF7F45CD0}.Release|x64.Build.0 = Release|Any CPU
		{F546C09C-C5E0-4035-88D8-BDBBF27F2E30}.Debug|Any CPU.ActiveCfg = Debug|Any CPU
		{F546C09C-C5E0-4035-88D8-BDBBF27F2E30}.Debug|Any CPU.Build.0 = Debug|Any CPU
		{F546C09C-C5E0-4035-88D8-BDBBF27F2E30}.Debug|x64.ActiveCfg = Debug|Any CPU
		{F546C09C-C5E0-4035-88D8-BDBBF27F2E30}.Debug|x64.Build.0 = Debug|Any CPU
		{F546C09C-C5E0-4035-88D8-BDBBF27F2E30}.Release|Any CPU.ActiveCfg = Release|Any CPU
		{F546C09C-C5E0-4035-88D8-BDBBF27F2E30}.Release|Any CPU.Build.0 = Release|Any CPU
		{F546C09C-C5E0-4035-88D8-BDBBF27F2E30}.Release|x64.ActiveCfg = Release|Any CPU
		{F546C09C-C5E0-4035-88D8-BDBBF27F2E30}.Release|x64.Build.0 = Release|Any CPU
		{EFDE32C6-733E-4C44-9595-B9EEC84B5DD8}.Debug|Any CPU.ActiveCfg = Debug|Any CPU
		{EFDE32C6-733E-4C44-9595-B9EEC84B5DD8}.Debug|Any CPU.Build.0 = Debug|Any CPU
		{EFDE32C6-733E-4C44-9595-B9EEC84B5DD8}.Debug|x64.ActiveCfg = Debug|Any CPU
		{EFDE32C6-733E-4C44-9595-B9EEC84B5DD8}.Debug|x64.Build.0 = Debug|Any CPU
		{EFDE32C6-733E-4C44-9595-B9EEC84B5DD8}.Release|Any CPU.ActiveCfg = Release|Any CPU
		{EFDE32C6-733E-4C44-9595-B9EEC84B5DD8}.Release|Any CPU.Build.0 = Release|Any CPU
		{EFDE32C6-733E-4C44-9595-B9EEC84B5DD8}.Release|x64.ActiveCfg = Release|Any CPU
		{EFDE32C6-733E-4C44-9595-B9EEC84B5DD8}.Release|x64.Build.0 = Release|Any CPU
		{3C3691C4-E5BA-4415-B5D5-1A4F9492D3AF}.Debug|Any CPU.ActiveCfg = Debug|Any CPU
		{3C3691C4-E5BA-4415-B5D5-1A4F9492D3AF}.Debug|Any CPU.Build.0 = Debug|Any CPU
		{3C3691C4-E5BA-4415-B5D5-1A4F9492D3AF}.Debug|x64.ActiveCfg = Debug|Any CPU
		{3C3691C4-E5BA-4415-B5D5-1A4F9492D3AF}.Debug|x64.Build.0 = Debug|Any CPU
		{3C3691C4-E5BA-4415-B5D5-1A4F9492D3AF}.Release|Any CPU.ActiveCfg = Release|Any CPU
		{3C3691C4-E5BA-4415-B5D5-1A4F9492D3AF}.Release|Any CPU.Build.0 = Release|Any CPU
		{3C3691C4-E5BA-4415-B5D5-1A4F9492D3AF}.Release|x64.ActiveCfg = Release|Any CPU
		{3C3691C4-E5BA-4415-B5D5-1A4F9492D3AF}.Release|x64.Build.0 = Release|Any CPU
		{4D90994F-DA29-482D-AD85-AC148CA07083}.Debug|Any CPU.ActiveCfg = Debug|Any CPU
		{4D90994F-DA29-482D-AD85-AC148CA07083}.Debug|Any CPU.Build.0 = Debug|Any CPU
		{4D90994F-DA29-482D-AD85-AC148CA07083}.Debug|x64.ActiveCfg = Debug|Any CPU
		{4D90994F-DA29-482D-AD85-AC148CA07083}.Debug|x64.Build.0 = Debug|Any CPU
		{4D90994F-DA29-482D-AD85-AC148CA07083}.Release|Any CPU.ActiveCfg = Release|Any CPU
		{4D90994F-DA29-482D-AD85-AC148CA07083}.Release|Any CPU.Build.0 = Release|Any CPU
		{4D90994F-DA29-482D-AD85-AC148CA07083}.Release|x64.ActiveCfg = Release|Any CPU
		{4D90994F-DA29-482D-AD85-AC148CA07083}.Release|x64.Build.0 = Release|Any CPU
		{7BBFF414-A02F-4C7B-A712-C444EB588D0A}.Debug|Any CPU.ActiveCfg = Debug|Any CPU
		{7BBFF414-A02F-4C7B-A712-C444EB588D0A}.Debug|Any CPU.Build.0 = Debug|Any CPU
		{7BBFF414-A02F-4C7B-A712-C444EB588D0A}.Debug|x64.ActiveCfg = Debug|Any CPU
		{7BBFF414-A02F-4C7B-A712-C444EB588D0A}.Debug|x64.Build.0 = Debug|Any CPU
		{7BBFF414-A02F-4C7B-A712-C444EB588D0A}.Release|Any CPU.ActiveCfg = Release|Any CPU
		{7BBFF414-A02F-4C7B-A712-C444EB588D0A}.Release|Any CPU.Build.0 = Release|Any CPU
		{7BBFF414-A02F-4C7B-A712-C444EB588D0A}.Release|x64.ActiveCfg = Release|Any CPU
		{7BBFF414-A02F-4C7B-A712-C444EB588D0A}.Release|x64.Build.0 = Release|Any CPU
		{25E5E527-FD7E-4D7A-AAB9-BACD7E666E07}.Debug|Any CPU.ActiveCfg = Debug|Any CPU
		{25E5E527-FD7E-4D7A-AAB9-BACD7E666E07}.Debug|Any CPU.Build.0 = Debug|Any CPU
		{25E5E527-FD7E-4D7A-AAB9-BACD7E666E07}.Debug|x64.ActiveCfg = Debug|Any CPU
		{25E5E527-FD7E-4D7A-AAB9-BACD7E666E07}.Debug|x64.Build.0 = Debug|Any CPU
		{25E5E527-FD7E-4D7A-AAB9-BACD7E666E07}.Release|Any CPU.ActiveCfg = Release|Any CPU
		{25E5E527-FD7E-4D7A-AAB9-BACD7E666E07}.Release|Any CPU.Build.0 = Release|Any CPU
		{25E5E527-FD7E-4D7A-AAB9-BACD7E666E07}.Release|x64.ActiveCfg = Release|Any CPU
		{25E5E527-FD7E-4D7A-AAB9-BACD7E666E07}.Release|x64.Build.0 = Release|Any CPU
		{F6B148BE-0E1F-488C-9335-21EB4824D322}.Debug|Any CPU.ActiveCfg = Debug|Any CPU
		{F6B148BE-0E1F-488C-9335-21EB4824D322}.Debug|Any CPU.Build.0 = Debug|Any CPU
		{F6B148BE-0E1F-488C-9335-21EB4824D322}.Debug|x64.ActiveCfg = Debug|Any CPU
		{F6B148BE-0E1F-488C-9335-21EB4824D322}.Debug|x64.Build.0 = Debug|Any CPU
		{F6B148BE-0E1F-488C-9335-21EB4824D322}.Release|Any CPU.ActiveCfg = Release|Any CPU
		{F6B148BE-0E1F-488C-9335-21EB4824D322}.Release|Any CPU.Build.0 = Release|Any CPU
		{F6B148BE-0E1F-488C-9335-21EB4824D322}.Release|x64.ActiveCfg = Release|Any CPU
		{F6B148BE-0E1F-488C-9335-21EB4824D322}.Release|x64.Build.0 = Release|Any CPU
		{6B4F1C78-F541-4265-8EAC-365978497655}.Debug|Any CPU.ActiveCfg = Debug|Any CPU
		{6B4F1C78-F541-4265-8EAC-365978497655}.Debug|Any CPU.Build.0 = Debug|Any CPU
		{6B4F1C78-F541-4265-8EAC-365978497655}.Debug|x64.ActiveCfg = Debug|Any CPU
		{6B4F1C78-F541-4265-8EAC-365978497655}.Debug|x64.Build.0 = Debug|Any CPU
		{6B4F1C78-F541-4265-8EAC-365978497655}.Release|Any CPU.ActiveCfg = Release|Any CPU
		{6B4F1C78-F541-4265-8EAC-365978497655}.Release|Any CPU.Build.0 = Release|Any CPU
		{6B4F1C78-F541-4265-8EAC-365978497655}.Release|x64.ActiveCfg = Release|Any CPU
		{6B4F1C78-F541-4265-8EAC-365978497655}.Release|x64.Build.0 = Release|Any CPU
		{AE85C16F-2786-4948-820A-57CCB793169A}.Debug|Any CPU.ActiveCfg = Debug|Any CPU
		{AE85C16F-2786-4948-820A-57CCB793169A}.Debug|Any CPU.Build.0 = Debug|Any CPU
		{AE85C16F-2786-4948-820A-57CCB793169A}.Debug|x64.ActiveCfg = Debug|Any CPU
		{AE85C16F-2786-4948-820A-57CCB793169A}.Debug|x64.Build.0 = Debug|Any CPU
		{AE85C16F-2786-4948-820A-57CCB793169A}.Release|Any CPU.ActiveCfg = Release|Any CPU
		{AE85C16F-2786-4948-820A-57CCB793169A}.Release|Any CPU.Build.0 = Release|Any CPU
		{AE85C16F-2786-4948-820A-57CCB793169A}.Release|x64.ActiveCfg = Release|Any CPU
		{AE85C16F-2786-4948-820A-57CCB793169A}.Release|x64.Build.0 = Release|Any CPU
		{DD6B19E1-092F-4C66-B0F9-BDE34E10C506}.Debug|Any CPU.ActiveCfg = Debug|Any CPU
		{DD6B19E1-092F-4C66-B0F9-BDE34E10C506}.Debug|Any CPU.Build.0 = Debug|Any CPU
		{DD6B19E1-092F-4C66-B0F9-BDE34E10C506}.Debug|x64.ActiveCfg = Debug|Any CPU
		{DD6B19E1-092F-4C66-B0F9-BDE34E10C506}.Debug|x64.Build.0 = Debug|Any CPU
		{DD6B19E1-092F-4C66-B0F9-BDE34E10C506}.Release|Any CPU.ActiveCfg = Release|Any CPU
		{DD6B19E1-092F-4C66-B0F9-BDE34E10C506}.Release|Any CPU.Build.0 = Release|Any CPU
		{DD6B19E1-092F-4C66-B0F9-BDE34E10C506}.Release|x64.ActiveCfg = Release|Any CPU
		{DD6B19E1-092F-4C66-B0F9-BDE34E10C506}.Release|x64.Build.0 = Release|Any CPU
		{8FAD9501-3080-41EA-8C1F-D841780666B1}.Debug|Any CPU.ActiveCfg = Debug|Any CPU
		{8FAD9501-3080-41EA-8C1F-D841780666B1}.Debug|Any CPU.Build.0 = Debug|Any CPU
		{8FAD9501-3080-41EA-8C1F-D841780666B1}.Debug|x64.ActiveCfg = Debug|Any CPU
		{8FAD9501-3080-41EA-8C1F-D841780666B1}.Debug|x64.Build.0 = Debug|Any CPU
		{8FAD9501-3080-41EA-8C1F-D841780666B1}.Release|Any CPU.ActiveCfg = Release|Any CPU
		{8FAD9501-3080-41EA-8C1F-D841780666B1}.Release|Any CPU.Build.0 = Release|Any CPU
		{8FAD9501-3080-41EA-8C1F-D841780666B1}.Release|x64.ActiveCfg = Release|Any CPU
		{8FAD9501-3080-41EA-8C1F-D841780666B1}.Release|x64.Build.0 = Release|Any CPU
		{7C932091-ED1F-42D3-AAB1-5249D8963339}.Debug|Any CPU.ActiveCfg = Debug|Any CPU
		{7C932091-ED1F-42D3-AAB1-5249D8963339}.Debug|Any CPU.Build.0 = Debug|Any CPU
		{7C932091-ED1F-42D3-AAB1-5249D8963339}.Debug|x64.ActiveCfg = Debug|Any CPU
		{7C932091-ED1F-42D3-AAB1-5249D8963339}.Debug|x64.Build.0 = Debug|Any CPU
		{7C932091-ED1F-42D3-AAB1-5249D8963339}.Release|Any CPU.ActiveCfg = Release|Any CPU
		{7C932091-ED1F-42D3-AAB1-5249D8963339}.Release|Any CPU.Build.0 = Release|Any CPU
		{7C932091-ED1F-42D3-AAB1-5249D8963339}.Release|x64.ActiveCfg = Release|Any CPU
		{7C932091-ED1F-42D3-AAB1-5249D8963339}.Release|x64.Build.0 = Release|Any CPU
		{8101CEB6-A348-450F-90B2-824DD4D78AD1}.Debug|Any CPU.ActiveCfg = Debug|Any CPU
		{8101CEB6-A348-450F-90B2-824DD4D78AD1}.Debug|Any CPU.Build.0 = Debug|Any CPU
		{8101CEB6-A348-450F-90B2-824DD4D78AD1}.Debug|x64.ActiveCfg = Debug|Any CPU
		{8101CEB6-A348-450F-90B2-824DD4D78AD1}.Debug|x64.Build.0 = Debug|Any CPU
		{8101CEB6-A348-450F-90B2-824DD4D78AD1}.Release|Any CPU.ActiveCfg = Release|Any CPU
		{8101CEB6-A348-450F-90B2-824DD4D78AD1}.Release|Any CPU.Build.0 = Release|Any CPU
		{8101CEB6-A348-450F-90B2-824DD4D78AD1}.Release|x64.ActiveCfg = Release|Any CPU
		{8101CEB6-A348-450F-90B2-824DD4D78AD1}.Release|x64.Build.0 = Release|Any CPU
		{6003F9CD-CF3C-4DB6-8A5F-E6B66E3F9831}.Debug|Any CPU.ActiveCfg = Debug|Any CPU
		{6003F9CD-CF3C-4DB6-8A5F-E6B66E3F9831}.Debug|Any CPU.Build.0 = Debug|Any CPU
		{6003F9CD-CF3C-4DB6-8A5F-E6B66E3F9831}.Debug|x64.ActiveCfg = Debug|Any CPU
		{6003F9CD-CF3C-4DB6-8A5F-E6B66E3F9831}.Debug|x64.Build.0 = Debug|Any CPU
		{6003F9CD-CF3C-4DB6-8A5F-E6B66E3F9831}.Release|Any CPU.ActiveCfg = Release|Any CPU
		{6003F9CD-CF3C-4DB6-8A5F-E6B66E3F9831}.Release|Any CPU.Build.0 = Release|Any CPU
		{6003F9CD-CF3C-4DB6-8A5F-E6B66E3F9831}.Release|x64.ActiveCfg = Release|Any CPU
		{6003F9CD-CF3C-4DB6-8A5F-E6B66E3F9831}.Release|x64.Build.0 = Release|Any CPU
		{E95D9434-4D01-41D6-9F78-EA5F787DE4A2}.Debug|Any CPU.ActiveCfg = Debug|Any CPU
		{E95D9434-4D01-41D6-9F78-EA5F787DE4A2}.Debug|Any CPU.Build.0 = Debug|Any CPU
		{E95D9434-4D01-41D6-9F78-EA5F787DE4A2}.Debug|x64.ActiveCfg = Debug|Any CPU
		{E95D9434-4D01-41D6-9F78-EA5F787DE4A2}.Debug|x64.Build.0 = Debug|Any CPU
		{E95D9434-4D01-41D6-9F78-EA5F787DE4A2}.Release|Any CPU.ActiveCfg = Release|Any CPU
		{E95D9434-4D01-41D6-9F78-EA5F787DE4A2}.Release|Any CPU.Build.0 = Release|Any CPU
		{E95D9434-4D01-41D6-9F78-EA5F787DE4A2}.Release|x64.ActiveCfg = Release|Any CPU
		{E95D9434-4D01-41D6-9F78-EA5F787DE4A2}.Release|x64.Build.0 = Release|Any CPU
		{E8677E08-55D8-4308-A645-5A968DFE2065}.Debug|Any CPU.ActiveCfg = Debug|Any CPU
		{E8677E08-55D8-4308-A645-5A968DFE2065}.Debug|Any CPU.Build.0 = Debug|Any CPU
		{E8677E08-55D8-4308-A645-5A968DFE2065}.Debug|x64.ActiveCfg = Debug|Any CPU
		{E8677E08-55D8-4308-A645-5A968DFE2065}.Debug|x64.Build.0 = Debug|Any CPU
		{E8677E08-55D8-4308-A645-5A968DFE2065}.Release|Any CPU.ActiveCfg = Release|Any CPU
		{E8677E08-55D8-4308-A645-5A968DFE2065}.Release|Any CPU.Build.0 = Release|Any CPU
		{E8677E08-55D8-4308-A645-5A968DFE2065}.Release|x64.ActiveCfg = Release|Any CPU
		{E8677E08-55D8-4308-A645-5A968DFE2065}.Release|x64.Build.0 = Release|Any CPU
		{F86DAB80-FCE8-4C6E-AC95-587920345E5C}.Debug|Any CPU.ActiveCfg = Debug|Any CPU
		{F86DAB80-FCE8-4C6E-AC95-587920345E5C}.Debug|Any CPU.Build.0 = Debug|Any CPU
		{F86DAB80-FCE8-4C6E-AC95-587920345E5C}.Debug|x64.ActiveCfg = Debug|Any CPU
		{F86DAB80-FCE8-4C6E-AC95-587920345E5C}.Debug|x64.Build.0 = Debug|Any CPU
		{F86DAB80-FCE8-4C6E-AC95-587920345E5C}.Release|Any CPU.ActiveCfg = Release|Any CPU
		{F86DAB80-FCE8-4C6E-AC95-587920345E5C}.Release|Any CPU.Build.0 = Release|Any CPU
		{F86DAB80-FCE8-4C6E-AC95-587920345E5C}.Release|x64.ActiveCfg = Release|Any CPU
		{F86DAB80-FCE8-4C6E-AC95-587920345E5C}.Release|x64.Build.0 = Release|Any CPU
		{7CA18539-2975-4741-82E8-7C372D25101D}.Debug|Any CPU.ActiveCfg = Debug|Any CPU
		{7CA18539-2975-4741-82E8-7C372D25101D}.Debug|Any CPU.Build.0 = Debug|Any CPU
		{7CA18539-2975-4741-82E8-7C372D25101D}.Debug|x64.ActiveCfg = Debug|Any CPU
		{7CA18539-2975-4741-82E8-7C372D25101D}.Debug|x64.Build.0 = Debug|Any CPU
		{7CA18539-2975-4741-82E8-7C372D25101D}.Release|Any CPU.ActiveCfg = Release|Any CPU
		{7CA18539-2975-4741-82E8-7C372D25101D}.Release|Any CPU.Build.0 = Release|Any CPU
		{7CA18539-2975-4741-82E8-7C372D25101D}.Release|x64.ActiveCfg = Release|Any CPU
		{7CA18539-2975-4741-82E8-7C372D25101D}.Release|x64.Build.0 = Release|Any CPU
		{C02E3C90-FCA1-453C-BA11-171473F1BBE7}.Debug|Any CPU.ActiveCfg = Debug|Any CPU
		{C02E3C90-FCA1-453C-BA11-171473F1BBE7}.Debug|Any CPU.Build.0 = Debug|Any CPU
		{C02E3C90-FCA1-453C-BA11-171473F1BBE7}.Debug|x64.ActiveCfg = Debug|Any CPU
		{C02E3C90-FCA1-453C-BA11-171473F1BBE7}.Debug|x64.Build.0 = Debug|Any CPU
		{C02E3C90-FCA1-453C-BA11-171473F1BBE7}.Release|Any CPU.ActiveCfg = Release|Any CPU
		{C02E3C90-FCA1-453C-BA11-171473F1BBE7}.Release|Any CPU.Build.0 = Release|Any CPU
		{C02E3C90-FCA1-453C-BA11-171473F1BBE7}.Release|x64.ActiveCfg = Release|Any CPU
		{C02E3C90-FCA1-453C-BA11-171473F1BBE7}.Release|x64.Build.0 = Release|Any CPU
		{C7640A47-D43E-4A97-B061-7428DDEBA686}.Debug|Any CPU.ActiveCfg = Debug|Any CPU
		{C7640A47-D43E-4A97-B061-7428DDEBA686}.Debug|Any CPU.Build.0 = Debug|Any CPU
		{C7640A47-D43E-4A97-B061-7428DDEBA686}.Debug|x64.ActiveCfg = Debug|Any CPU
		{C7640A47-D43E-4A97-B061-7428DDEBA686}.Debug|x64.Build.0 = Debug|Any CPU
		{C7640A47-D43E-4A97-B061-7428DDEBA686}.Release|Any CPU.ActiveCfg = Release|Any CPU
		{C7640A47-D43E-4A97-B061-7428DDEBA686}.Release|Any CPU.Build.0 = Release|Any CPU
		{C7640A47-D43E-4A97-B061-7428DDEBA686}.Release|x64.ActiveCfg = Release|Any CPU
		{C7640A47-D43E-4A97-B061-7428DDEBA686}.Release|x64.Build.0 = Release|Any CPU
		{6C7313AD-8948-48FD-8B9F-D69F41C9313E}.Debug|Any CPU.ActiveCfg = Debug|Any CPU
		{6C7313AD-8948-48FD-8B9F-D69F41C9313E}.Debug|Any CPU.Build.0 = Debug|Any CPU
		{6C7313AD-8948-48FD-8B9F-D69F41C9313E}.Debug|x64.ActiveCfg = Debug|Any CPU
		{6C7313AD-8948-48FD-8B9F-D69F41C9313E}.Debug|x64.Build.0 = Debug|Any CPU
		{6C7313AD-8948-48FD-8B9F-D69F41C9313E}.Release|Any CPU.ActiveCfg = Release|Any CPU
		{6C7313AD-8948-48FD-8B9F-D69F41C9313E}.Release|Any CPU.Build.0 = Release|Any CPU
		{6C7313AD-8948-48FD-8B9F-D69F41C9313E}.Release|x64.ActiveCfg = Release|Any CPU
		{6C7313AD-8948-48FD-8B9F-D69F41C9313E}.Release|x64.Build.0 = Release|Any CPU
		{491A73CF-71AE-4542-99BD-D763FE61B761}.Debug|Any CPU.ActiveCfg = Debug|Any CPU
		{491A73CF-71AE-4542-99BD-D763FE61B761}.Debug|Any CPU.Build.0 = Debug|Any CPU
		{491A73CF-71AE-4542-99BD-D763FE61B761}.Debug|x64.ActiveCfg = Debug|Any CPU
		{491A73CF-71AE-4542-99BD-D763FE61B761}.Debug|x64.Build.0 = Debug|Any CPU
		{491A73CF-71AE-4542-99BD-D763FE61B761}.Release|Any CPU.ActiveCfg = Release|Any CPU
		{491A73CF-71AE-4542-99BD-D763FE61B761}.Release|Any CPU.Build.0 = Release|Any CPU
		{491A73CF-71AE-4542-99BD-D763FE61B761}.Release|x64.ActiveCfg = Release|Any CPU
		{491A73CF-71AE-4542-99BD-D763FE61B761}.Release|x64.Build.0 = Release|Any CPU
		{0C8040DB-B76A-479B-AF7D-DE11B6EB449A}.Debug|Any CPU.ActiveCfg = Debug|Any CPU
		{0C8040DB-B76A-479B-AF7D-DE11B6EB449A}.Debug|Any CPU.Build.0 = Debug|Any CPU
		{0C8040DB-B76A-479B-AF7D-DE11B6EB449A}.Debug|x64.ActiveCfg = Debug|Any CPU
		{0C8040DB-B76A-479B-AF7D-DE11B6EB449A}.Debug|x64.Build.0 = Debug|Any CPU
		{0C8040DB-B76A-479B-AF7D-DE11B6EB449A}.Release|Any CPU.ActiveCfg = Release|Any CPU
		{0C8040DB-B76A-479B-AF7D-DE11B6EB449A}.Release|Any CPU.Build.0 = Release|Any CPU
		{0C8040DB-B76A-479B-AF7D-DE11B6EB449A}.Release|x64.ActiveCfg = Release|Any CPU
		{0C8040DB-B76A-479B-AF7D-DE11B6EB449A}.Release|x64.Build.0 = Release|Any CPU
		{4222E7A6-E935-42E8-981B-62F847548707}.Debug|Any CPU.ActiveCfg = Debug|Any CPU
		{4222E7A6-E935-42E8-981B-62F847548707}.Debug|Any CPU.Build.0 = Debug|Any CPU
		{4222E7A6-E935-42E8-981B-62F847548707}.Debug|x64.ActiveCfg = Debug|Any CPU
		{4222E7A6-E935-42E8-981B-62F847548707}.Debug|x64.Build.0 = Debug|Any CPU
		{4222E7A6-E935-42E8-981B-62F847548707}.Release|Any CPU.ActiveCfg = Release|Any CPU
		{4222E7A6-E935-42E8-981B-62F847548707}.Release|Any CPU.Build.0 = Release|Any CPU
		{4222E7A6-E935-42E8-981B-62F847548707}.Release|x64.ActiveCfg = Release|Any CPU
		{4222E7A6-E935-42E8-981B-62F847548707}.Release|x64.Build.0 = Release|Any CPU
		{D5CADFD3-11D9-405A-9DB1-DEC15307159A}.Debug|Any CPU.ActiveCfg = Debug|Any CPU
		{D5CADFD3-11D9-405A-9DB1-DEC15307159A}.Debug|Any CPU.Build.0 = Debug|Any CPU
		{D5CADFD3-11D9-405A-9DB1-DEC15307159A}.Debug|x64.ActiveCfg = Debug|Any CPU
		{D5CADFD3-11D9-405A-9DB1-DEC15307159A}.Debug|x64.Build.0 = Debug|Any CPU
		{D5CADFD3-11D9-405A-9DB1-DEC15307159A}.Release|Any CPU.ActiveCfg = Release|Any CPU
		{D5CADFD3-11D9-405A-9DB1-DEC15307159A}.Release|Any CPU.Build.0 = Release|Any CPU
		{D5CADFD3-11D9-405A-9DB1-DEC15307159A}.Release|x64.ActiveCfg = Release|Any CPU
		{D5CADFD3-11D9-405A-9DB1-DEC15307159A}.Release|x64.Build.0 = Release|Any CPU
		{94835E6D-939A-409A-AC60-8974582792FA}.Debug|Any CPU.ActiveCfg = Debug|Any CPU
		{94835E6D-939A-409A-AC60-8974582792FA}.Debug|Any CPU.Build.0 = Debug|Any CPU
		{94835E6D-939A-409A-AC60-8974582792FA}.Debug|x64.ActiveCfg = Debug|Any CPU
		{94835E6D-939A-409A-AC60-8974582792FA}.Debug|x64.Build.0 = Debug|Any CPU
		{94835E6D-939A-409A-AC60-8974582792FA}.Release|Any CPU.ActiveCfg = Release|Any CPU
		{94835E6D-939A-409A-AC60-8974582792FA}.Release|Any CPU.Build.0 = Release|Any CPU
		{94835E6D-939A-409A-AC60-8974582792FA}.Release|x64.ActiveCfg = Release|Any CPU
		{94835E6D-939A-409A-AC60-8974582792FA}.Release|x64.Build.0 = Release|Any CPU
		{94DFCE10-CF71-4A23-8CBC-B06B8A8486F0}.Debug|Any CPU.ActiveCfg = Debug|Any CPU
		{94DFCE10-CF71-4A23-8CBC-B06B8A8486F0}.Debug|Any CPU.Build.0 = Debug|Any CPU
		{94DFCE10-CF71-4A23-8CBC-B06B8A8486F0}.Debug|x64.ActiveCfg = Debug|Any CPU
		{94DFCE10-CF71-4A23-8CBC-B06B8A8486F0}.Debug|x64.Build.0 = Debug|Any CPU
		{94DFCE10-CF71-4A23-8CBC-B06B8A8486F0}.Release|Any CPU.ActiveCfg = Release|Any CPU
		{94DFCE10-CF71-4A23-8CBC-B06B8A8486F0}.Release|Any CPU.Build.0 = Release|Any CPU
		{94DFCE10-CF71-4A23-8CBC-B06B8A8486F0}.Release|x64.ActiveCfg = Release|Any CPU
		{94DFCE10-CF71-4A23-8CBC-B06B8A8486F0}.Release|x64.Build.0 = Release|Any CPU
		{F13ED096-5088-4E81-981B-B39723132BC1}.Debug|Any CPU.ActiveCfg = Debug|Any CPU
		{F13ED096-5088-4E81-981B-B39723132BC1}.Debug|Any CPU.Build.0 = Debug|Any CPU
		{F13ED096-5088-4E81-981B-B39723132BC1}.Debug|x64.ActiveCfg = Debug|Any CPU
		{F13ED096-5088-4E81-981B-B39723132BC1}.Debug|x64.Build.0 = Debug|Any CPU
		{F13ED096-5088-4E81-981B-B39723132BC1}.Release|Any CPU.ActiveCfg = Release|Any CPU
		{F13ED096-5088-4E81-981B-B39723132BC1}.Release|Any CPU.Build.0 = Release|Any CPU
		{F13ED096-5088-4E81-981B-B39723132BC1}.Release|x64.ActiveCfg = Release|Any CPU
		{F13ED096-5088-4E81-981B-B39723132BC1}.Release|x64.Build.0 = Release|Any CPU
	EndGlobalSection
	GlobalSection(SolutionProperties) = preSolution
		HideSolutionNode = FALSE
	EndGlobalSection
	GlobalSection(NestedProjects) = preSolution
		{6D31A686-EDF4-4D01-B06A-21CC6607F3A2} = {0F60F14A-7E51-4333-9DD0-A1B4DC248A42}
		{AC5FC280-6964-4CC5-8AE6-A0557E4260B5} = {0F60F14A-7E51-4333-9DD0-A1B4DC248A42}
		{E71CB2E4-49FF-42D2-9154-B58CF7F45CD0} = {AC5FC280-6964-4CC5-8AE6-A0557E4260B5}
		{F546C09C-C5E0-4035-88D8-BDBBF27F2E30} = {AC5FC280-6964-4CC5-8AE6-A0557E4260B5}
		{EFDE32C6-733E-4C44-9595-B9EEC84B5DD8} = {6D31A686-EDF4-4D01-B06A-21CC6607F3A2}
		{3C3691C4-E5BA-4415-B5D5-1A4F9492D3AF} = {6D31A686-EDF4-4D01-B06A-21CC6607F3A2}
		{4D90994F-DA29-482D-AD85-AC148CA07083} = {6D31A686-EDF4-4D01-B06A-21CC6607F3A2}
		{7BBFF414-A02F-4C7B-A712-C444EB588D0A} = {79ECED28-326C-42A2-A5B8-8DA8A3A4F386}
		{25E5E527-FD7E-4D7A-AAB9-BACD7E666E07} = {B0BC476B-C001-4224-BD39-11814658DC56}
		{55D87E7F-ECFD-4832-B655-00693FB4BF14} = {3F218602-8A37-4E31-97B7-AB440BEA6368}
		{F6B148BE-0E1F-488C-9335-21EB4824D322} = {55D87E7F-ECFD-4832-B655-00693FB4BF14}
		{6B4F1C78-F541-4265-8EAC-365978497655} = {55D87E7F-ECFD-4832-B655-00693FB4BF14}
		{AE85C16F-2786-4948-820A-57CCB793169A} = {3F218602-8A37-4E31-97B7-AB440BEA6368}
		{DD6B19E1-092F-4C66-B0F9-BDE34E10C506} = {3F218602-8A37-4E31-97B7-AB440BEA6368}
		{8FAD9501-3080-41EA-8C1F-D841780666B1} = {0F60F14A-7E51-4333-9DD0-A1B4DC248A42}
		{7C932091-ED1F-42D3-AAB1-5249D8963339} = {3F218602-8A37-4E31-97B7-AB440BEA6368}
		{8101CEB6-A348-450F-90B2-824DD4D78AD1} = {F6B587C1-B1EE-4F66-A926-DD007AF7B332}
		{6003F9CD-CF3C-4DB6-8A5F-E6B66E3F9831} = {0F60F14A-7E51-4333-9DD0-A1B4DC248A42}
		{E95D9434-4D01-41D6-9F78-EA5F787DE4A2} = {F6B587C1-B1EE-4F66-A926-DD007AF7B332}
		{E8677E08-55D8-4308-A645-5A968DFE2065} = {37CC474F-C968-447C-BD31-AF29C62A076A}
		{F86DAB80-FCE8-4C6E-AC95-587920345E5C} = {37CC474F-C968-447C-BD31-AF29C62A076A}
		{7CA18539-2975-4741-82E8-7C372D25101D} = {31E2CC22-3538-4C8E-9BDE-29A22E1C0304}
		{C02E3C90-FCA1-453C-BA11-171473F1BBE7} = {31E2CC22-3538-4C8E-9BDE-29A22E1C0304}
		{C7640A47-D43E-4A97-B061-7428DDEBA686} = {0F60F14A-7E51-4333-9DD0-A1B4DC248A42}
		{6C7313AD-8948-48FD-8B9F-D69F41C9313E} = {0FBA2EE9-58A6-4BEC-9035-FF67B48394AC}
		{0FBA2EE9-58A6-4BEC-9035-FF67B48394AC} = {3F218602-8A37-4E31-97B7-AB440BEA6368}
		{491A73CF-71AE-4542-99BD-D763FE61B761} = {B0BC476B-C001-4224-BD39-11814658DC56}
		{0C8040DB-B76A-479B-AF7D-DE11B6EB449A} = {3F218602-8A37-4E31-97B7-AB440BEA6368}
		{C5D163F5-5ECF-4138-B074-75D2E96830A4} = {31E2CC22-3538-4C8E-9BDE-29A22E1C0304}
		{4222E7A6-E935-42E8-981B-62F847548707} = {C5D163F5-5ECF-4138-B074-75D2E96830A4}
		{D5CADFD3-11D9-405A-9DB1-DEC15307159A} = {C5D163F5-5ECF-4138-B074-75D2E96830A4}
		{94835E6D-939A-409A-AC60-8974582792FA} = {0FBA2EE9-58A6-4BEC-9035-FF67B48394AC}
		{94DFCE10-CF71-4A23-8CBC-B06B8A8486F0} = {0FBA2EE9-58A6-4BEC-9035-FF67B48394AC}
		{F13ED096-5088-4E81-981B-B39723132BC1} = {31E2CC22-3538-4C8E-9BDE-29A22E1C0304}
	EndGlobalSection
	GlobalSection(ExtensibilityGlobals) = postSolution
		SolutionGuid = {E6DB4100-8273-45F9-BBA6-C165820F7FB2}
	EndGlobalSection
EndGlobal
